// !$*UTF8*$!
{
	archiveVersion = 1;
	classes = {
	};
	objectVersion = 46;
	objects = {

/* Begin PBXBuildFile section */
		3802554319CBCC86002658AF /* AppDelegate.swift in Sources */ = {isa = PBXBuildFile; fileRef = 3802554219CBCC86002658AF /* AppDelegate.swift */; };
		3802554519CBCC86002658AF /* ViewController.swift in Sources */ = {isa = PBXBuildFile; fileRef = 3802554419CBCC86002658AF /* ViewController.swift */; };
		3802554819CBCC86002658AF /* Main.storyboard in Resources */ = {isa = PBXBuildFile; fileRef = 3802554619CBCC86002658AF /* Main.storyboard */; };
		3802554A19CBCC86002658AF /* Images.xcassets in Resources */ = {isa = PBXBuildFile; fileRef = 3802554919CBCC86002658AF /* Images.xcassets */; };
		3802554D19CBCC86002658AF /* LaunchScreen.xib in Resources */ = {isa = PBXBuildFile; fileRef = 3802554B19CBCC86002658AF /* LaunchScreen.xib */; };
		3802555919CBCC86002658AF /* PostcardsTests.swift in Sources */ = {isa = PBXBuildFile; fileRef = 3802555819CBCC86002658AF /* PostcardsTests.swift */; };
		3802556719CBD554002658AF /* AlbertEinsteinStamp.jpg in Resources */ = {isa = PBXBuildFile; fileRef = 3802556519CBD554002658AF /* AlbertEinsteinStamp.jpg */; };
		3802556819CBD554002658AF /* SagradaFamilia.jpeg in Resources */ = {isa = PBXBuildFile; fileRef = 3802556619CBD554002658AF /* SagradaFamilia.jpeg */; };
/* End PBXBuildFile section */

/* Begin PBXContainerItemProxy section */
		3802555319CBCC86002658AF /* PBXContainerItemProxy */ = {
			isa = PBXContainerItemProxy;
			containerPortal = 3802553519CBCC86002658AF /* Project object */;
			proxyType = 1;
			remoteGlobalIDString = 3802553C19CBCC86002658AF;
			remoteInfo = Postcards;
		};
/* End PBXContainerItemProxy section */

/* Begin PBXFileReference section */
		3802553D19CBCC86002658AF /* Postcards.app */ = {isa = PBXFileReference; explicitFileType = wrapper.application; includeInIndex = 0; path = Postcards.app; sourceTree = BUILT_PRODUCTS_DIR; };
		3802554119CBCC86002658AF /* Info.plist */ = {isa = PBXFileReference; lastKnownFileType = text.plist.xml; path = Info.plist; sourceTree = "<group>"; };
		3802554219CBCC86002658AF /* AppDelegate.swift */ = {isa = PBXFileReference; lastKnownFileType = sourcecode.swift; path = AppDelegate.swift; sourceTree = "<group>"; };
		3802554419CBCC86002658AF /* ViewController.swift */ = {isa = PBXFileReference; lastKnownFileType = sourcecode.swift; path = ViewController.swift; sourceTree = "<group>"; };
		3802554719CBCC86002658AF /* Base */ = {isa = PBXFileReference; lastKnownFileType = file.storyboard; name = Base; path = Base.lproj/Main.storyboard; sourceTree = "<group>"; };
		3802554919CBCC86002658AF /* Images.xcassets */ = {isa = PBXFileReference; lastKnownFileType = folder.assetcatalog; path = Images.xcassets; sourceTree = "<group>"; };
		3802554C19CBCC86002658AF /* Base */ = {isa = PBXFileReference; lastKnownFileType = file.xib; name = Base; path = Base.lproj/LaunchScreen.xib; sourceTree = "<group>"; };
		3802555219CBCC86002658AF /* PostcardsTests.xctest */ = {isa = PBXFileReference; explicitFileType = wrapper.cfbundle; includeInIndex = 0; path = PostcardsTests.xctest; sourceTree = BUILT_PRODUCTS_DIR; };
		3802555719CBCC86002658AF /* Info.plist */ = {isa = PBXFileReference; lastKnownFileType = text.plist.xml; path = Info.plist; sourceTree = "<group>"; };
		3802555819CBCC86002658AF /* PostcardsTests.swift */ = {isa = PBXFileReference; lastKnownFileType = sourcecode.swift; path = PostcardsTests.swift; sourceTree = "<group>"; };
		3802556519CBD554002658AF /* AlbertEinsteinStamp.jpg */ = {isa = PBXFileReference; lastKnownFileType = image.jpeg; path = AlbertEinsteinStamp.jpg; sourceTree = "<group>"; };
		3802556619CBD554002658AF /* SagradaFamilia.jpeg */ = {isa = PBXFileReference; lastKnownFileType = image.jpeg; path = SagradaFamilia.jpeg; sourceTree = "<group>"; };
/* End PBXFileReference section */

/* Begin PBXFrameworksBuildPhase section */
		3802553A19CBCC86002658AF /* Frameworks */ = {
			isa = PBXFrameworksBuildPhase;
			buildActionMask = 2147483647;
			files = (
			);
			runOnlyForDeploymentPostprocessing = 0;
		};
		3802554F19CBCC86002658AF /* Frameworks */ = {
			isa = PBXFrameworksBuildPhase;
			buildActionMask = 2147483647;
			files = (
			);
			runOnlyForDeploymentPostprocessing = 0;
		};
/* End PBXFrameworksBuildPhase section */

/* Begin PBXGroup section */
		3802553419CBCC86002658AF = {
			isa = PBXGroup;
			children = (
				3802553F19CBCC86002658AF /* Postcards */,
				3802555519CBCC86002658AF /* PostcardsTests */,
				3802553E19CBCC86002658AF /* Products */,
			);
			sourceTree = "<group>";
		};
		3802553E19CBCC86002658AF /* Products */ = {
			isa = PBXGroup;
			children = (
				3802553D19CBCC86002658AF /* Postcards.app */,
				3802555219CBCC86002658AF /* PostcardsTests.xctest */,
			);
			name = Products;
			sourceTree = "<group>";
		};
		3802553F19CBCC86002658AF /* Postcards */ = {
			isa = PBXGroup;
			children = (
				3802554219CBCC86002658AF /* AppDelegate.swift */,
				3802554419CBCC86002658AF /* ViewController.swift */,
				3802554619CBCC86002658AF /* Main.storyboard */,
				3802554919CBCC86002658AF /* Images.xcassets */,
				3802554B19CBCC86002658AF /* LaunchScreen.xib */,
				3802554019CBCC86002658AF /* Supporting Files */,
			);
			path = Postcards;
			sourceTree = "<group>";
		};
		3802554019CBCC86002658AF /* Supporting Files */ = {
			isa = PBXGroup;
			children = (
				3802556419CBD554002658AF /* Postcard */,
				3802554119CBCC86002658AF /* Info.plist */,
			);
			name = "Supporting Files";
			sourceTree = "<group>";
		};
		3802555519CBCC86002658AF /* PostcardsTests */ = {
			isa = PBXGroup;
			children = (
				3802555819CBCC86002658AF /* PostcardsTests.swift */,
				3802555619CBCC86002658AF /* Supporting Files */,
			);
			path = PostcardsTests;
			sourceTree = "<group>";
		};
		3802555619CBCC86002658AF /* Supporting Files */ = {
			isa = PBXGroup;
			children = (
				3802555719CBCC86002658AF /* Info.plist */,
			);
			name = "Supporting Files";
			sourceTree = "<group>";
		};
		3802556419CBD554002658AF /* Postcard */ = {
			isa = PBXGroup;
			children = (
				3802556519CBD554002658AF /* AlbertEinsteinStamp.jpg */,
				3802556619CBD554002658AF /* SagradaFamilia.jpeg */,
			);
			path = Postcard;
			sourceTree = "<group>";
		};
/* End PBXGroup section */

/* Begin PBXNativeTarget section */
		3802553C19CBCC86002658AF /* Postcards */ = {
			isa = PBXNativeTarget;
			buildConfigurationList = 3802555C19CBCC86002658AF /* Build configuration list for PBXNativeTarget "Postcards" */;
			buildPhases = (
				3802553919CBCC86002658AF /* Sources */,
				3802553A19CBCC86002658AF /* Frameworks */,
				3802553B19CBCC86002658AF /* Resources */,
			);
			buildRules = (
			);
			dependencies = (
			);
			name = Postcards;
			productName = Postcards;
			productReference = 3802553D19CBCC86002658AF /* Postcards.app */;
			productType = "com.apple.product-type.application";
		};
		3802555119CBCC86002658AF /* PostcardsTests */ = {
			isa = PBXNativeTarget;
			buildConfigurationList = 3802555F19CBCC86002658AF /* Build configuration list for PBXNativeTarget "PostcardsTests" */;
			buildPhases = (
				3802554E19CBCC86002658AF /* Sources */,
				3802554F19CBCC86002658AF /* Frameworks */,
				3802555019CBCC86002658AF /* Resources */,
			);
			buildRules = (
			);
			dependencies = (
				3802555419CBCC86002658AF /* PBXTargetDependency */,
			);
			name = PostcardsTests;
			productName = PostcardsTests;
			productReference = 3802555219CBCC86002658AF /* PostcardsTests.xctest */;
			productType = "com.apple.product-type.bundle.unit-test";
		};
/* End PBXNativeTarget section */

/* Begin PBXProject section */
		3802553519CBCC86002658AF /* Project object */ = {
			isa = PBXProject;
			attributes = {
				LastUpgradeCheck = 0600;
				ORGANIZATIONNAME = egochamber;
				TargetAttributes = {
					3802553C19CBCC86002658AF = {
						CreatedOnToolsVersion = 6.0;
					};
					3802555119CBCC86002658AF = {
						CreatedOnToolsVersion = 6.0;
						TestTargetID = 3802553C19CBCC86002658AF;
					};
				};
			};
			buildConfigurationList = 3802553819CBCC86002658AF /* Build configuration list for PBXProject "Postcards" */;
			compatibilityVersion = "Xcode 3.2";
			developmentRegion = English;
			hasScannedForEncodings = 0;
			knownRegions = (
				en,
				Base,
			);
			mainGroup = 3802553419CBCC86002658AF;
			productRefGroup = 3802553E19CBCC86002658AF /* Products */;
			projectDirPath = "";
			projectRoot = "";
			targets = (
				3802553C19CBCC86002658AF /* Postcards */,
				3802555119CBCC86002658AF /* PostcardsTests */,
			);
		};
/* End PBXProject section */

/* Begin PBXResourcesBuildPhase section */
		3802553B19CBCC86002658AF /* Resources */ = {
			isa = PBXResourcesBuildPhase;
			buildActionMask = 2147483647;
			files = (
				3802556719CBD554002658AF /* AlbertEinsteinStamp.jpg in Resources */,
				3802554819CBCC86002658AF /* Main.storyboard in Resources */,
				3802554D19CBCC86002658AF /* LaunchScreen.xib in Resources */,
				3802554A19CBCC86002658AF /* Images.xcassets in Resources */,
				3802556819CBD554002658AF /* SagradaFamilia.jpeg in Resources */,
			);
			runOnlyForDeploymentPostprocessing = 0;
		};
		3802555019CBCC86002658AF /* Resources */ = {
			isa = PBXResourcesBuildPhase;
			buildActionMask = 2147483647;
			files = (
			);
			runOnlyForDeploymentPostprocessing = 0;
		};
/* End PBXResourcesBuildPhase section */

/* Begin PBXSourcesBuildPhase section */
		3802553919CBCC86002658AF /* Sources */ = {
			isa = PBXSourcesBuildPhase;
			buildActionMask = 2147483647;
			files = (
				3802554519CBCC86002658AF /* ViewController.swift in Sources */,
				3802554319CBCC86002658AF /* AppDelegate.swift in Sources */,
			);
			runOnlyForDeploymentPostprocessing = 0;
		};
		3802554E19CBCC86002658AF /* Sources */ = {
			isa = PBXSourcesBuildPhase;
			buildActionMask = 2147483647;
			files = (
				3802555919CBCC86002658AF /* PostcardsTests.swift in Sources */,
			);
			runOnlyForDeploymentPostprocessing = 0;
		};
/* End PBXSourcesBuildPhase section */

/* Begin PBXTargetDependency section */
		3802555419CBCC86002658AF /* PBXTargetDependency */ = {
			isa = PBXTargetDependency;
			target = 3802553C19CBCC86002658AF /* Postcards */;
			targetProxy = 3802555319CBCC86002658AF /* PBXContainerItemProxy */;
		};
/* End PBXTargetDependency section */

/* Begin PBXVariantGroup section */
		3802554619CBCC86002658AF /* Main.storyboard */ = {
			isa = PBXVariantGroup;
			children = (
				3802554719CBCC86002658AF /* Base */,
			);
			name = Main.storyboard;
			sourceTree = "<group>";
		};
		3802554B19CBCC86002658AF /* LaunchScreen.xib */ = {
			isa = PBXVariantGroup;
			children = (
				3802554C19CBCC86002658AF /* Base */,
			);
			name = LaunchScreen.xib;
			sourceTree = "<group>";
		};
/* End PBXVariantGroup section */

/* Begin XCBuildConfiguration section */
		3802555A19CBCC86002658AF /* Debug */ = {
			isa = XCBuildConfiguration;
			buildSettings = {
				ALWAYS_SEARCH_USER_PATHS = NO;
				CLANG_CXX_LANGUAGE_STANDARD = "gnu++0x";
				CLANG_CXX_LIBRARY = "libc++";
				CLANG_ENABLE_MODULES = YES;
				CLANG_ENABLE_OBJC_ARC = YES;
				CLANG_WARN_BOOL_CONVERSION = YES;
				CLANG_WARN_CONSTANT_CONVERSION = YES;
				CLANG_WARN_DIRECT_OBJC_ISA_USAGE = YES_ERROR;
				CLANG_WARN_EMPTY_BODY = YES;
				CLANG_WARN_ENUM_CONVERSION = YES;
				CLANG_WARN_INT_CONVERSION = YES;
				CLANG_WARN_OBJC_ROOT_CLASS = YES_ERROR;
				CLANG_WARN_UNREACHABLE_CODE = YES;
				CLANG_WARN__DUPLICATE_METHOD_MATCH = YES;
				"CODE_SIGN_IDENTITY[sdk=iphoneos*]" = "iPhone Developer";
				COPY_PHASE_STRIP = NO;
				ENABLE_STRICT_OBJC_MSGSEND = YES;
				GCC_C_LANGUAGE_STANDARD = gnu99;
				GCC_DYNAMIC_NO_PIC = NO;
				GCC_OPTIMIZATION_LEVEL = 0;
				GCC_PREPROCESSOR_DEFINITIONS = (
					"DEBUG=1",
					"$(inherited)",
				);
				GCC_SYMBOLS_PRIVATE_EXTERN = NO;
				GCC_WARN_64_TO_32_BIT_CONVERSION = YES;
				GCC_WARN_ABOUT_RETURN_TYPE = YES_ERROR;
				GCC_WARN_UNDECLARED_SELECTOR = YES;
				GCC_WARN_UNINITIALIZED_AUTOS = YES_AGGRESSIVE;
				GCC_WARN_UNUSED_FUNCTION = YES;
				GCC_WARN_UNUSED_VARIABLE = YES;
				IPHONEOS_DEPLOYMENT_TARGET = 8.0;
				MTL_ENABLE_DEBUG_INFO = YES;
				ONLY_ACTIVE_ARCH = YES;
				SDKROOT = iphoneos;
				SWIFT_OPTIMIZATION_LEVEL = "-Onone";
			};
			name = Debug;
		};
		3802555B19CBCC86002658AF /* Release */ = {
			isa = XCBuildConfiguration;
			buildSettings = {
				ALWAYS_SEARCH_USER_PATHS = NO;
				CLANG_CXX_LANGUAGE_STANDARD = "gnu++0x";
				CLANG_CXX_LIBRARY = "libc++";
				CLANG_ENABLE_MODULES = YES;
				CLANG_ENABLE_OBJC_ARC = YES;
				CLANG_WARN_BOOL_CONVERSION = YES;
				CLANG_WARN_CONSTANT_CONVERSION = YES;
				CLANG_WARN_DIRECT_OBJC_ISA_USAGE = YES_ERROR;
				CLANG_WARN_EMPTY_BODY = YES;
				CLANG_WARN_ENUM_CONVERSION = YES;
				CLANG_WARN_INT_CONVERSION = YES;
				CLANG_WARN_OBJC_ROOT_CLASS = YES_ERROR;
				CLANG_WARN_UNREACHABLE_CODE = YES;
				CLANG_WARN__DUPLICATE_METHOD_MATCH = YES;
				"CODE_SIGN_IDENTITY[sdk=iphoneos*]" = "iPhone Developer";
				COPY_PHASE_STRIP = YES;
				ENABLE_NS_ASSERTIONS = NO;
				ENABLE_STRICT_OBJC_MSGSEND = YES;
				GCC_C_LANGUAGE_STANDARD = gnu99;
				GCC_WARN_64_TO_32_BIT_CONVERSION = YES;
				GCC_WARN_ABOUT_RETURN_TYPE = YES_ERROR;
				GCC_WARN_UNDECLARED_SELECTOR = YES;
				GCC_WARN_UNINITIALIZED_AUTOS = YES_AGGRESSIVE;
				GCC_WARN_UNUSED_FUNCTION = YES;
				GCC_WARN_UNUSED_VARIABLE = YES;
				IPHONEOS_DEPLOYMENT_TARGET = 8.0;
				MTL_ENABLE_DEBUG_INFO = NO;
				SDKROOT = iphoneos;
				VALIDATE_PRODUCT = YES;
			};
			name = Release;
		};
		3802555D19CBCC86002658AF /* Debug */ = {
			isa = XCBuildConfiguration;
			buildSettings = {
				ASSETCATALOG_COMPILER_APPICON_NAME = AppIcon;
				INFOPLIST_FILE = Postcards/Info.plist;
				LD_RUNPATH_SEARCH_PATHS = "$(inherited) @executable_path/Frameworks";
				PRODUCT_NAME = "$(TARGET_NAME)";
			};
			name = Debug;
		};
		3802555E19CBCC86002658AF /* Release */ = {
			isa = XCBuildConfiguration;
			buildSettings = {
				ASSETCATALOG_COMPILER_APPICON_NAME = AppIcon;
				INFOPLIST_FILE = Postcards/Info.plist;
				LD_RUNPATH_SEARCH_PATHS = "$(inherited) @executable_path/Frameworks";
				PRODUCT_NAME = "$(TARGET_NAME)";
			};
			name = Release;
		};
		3802556019CBCC86002658AF /* Debug */ = {
			isa = XCBuildConfiguration;
			buildSettings = {
				BUNDLE_LOADER = "$(TEST_HOST)";
				FRAMEWORK_SEARCH_PATHS = (
					"$(SDKROOT)/Developer/Library/Frameworks",
					"$(inherited)",
				);
				GCC_PREPROCESSOR_DEFINITIONS = (
					"DEBUG=1",
					"$(inherited)",
				);
				INFOPLIST_FILE = PostcardsTests/Info.plist;
				LD_RUNPATH_SEARCH_PATHS = "$(inherited) @executable_path/Frameworks @loader_path/Frameworks";
				PRODUCT_NAME = "$(TARGET_NAME)";
				TEST_HOST = "$(BUILT_PRODUCTS_DIR)/Postcards.app/Postcards";
			};
			name = Debug;
		};
		3802556119CBCC86002658AF /* Release */ = {
			isa = XCBuildConfiguration;
			buildSettings = {
				BUNDLE_LOADER = "$(TEST_HOST)";
				FRAMEWORK_SEARCH_PATHS = (
					"$(SDKROOT)/Developer/Library/Frameworks",
					"$(inherited)",
				);
				INFOPLIST_FILE = PostcardsTests/Info.plist;
				LD_RUNPATH_SEARCH_PATHS = "$(inherited) @executable_path/Frameworks @loader_path/Frameworks";
				PRODUCT_NAME = "$(TARGET_NAME)";
				TEST_HOST = "$(BUILT_PRODUCTS_DIR)/Postcards.app/Postcards";
			};
			name = Release;
		};
/* End XCBuildConfiguration section */

/* Begin XCConfigurationList section */
		3802553819CBCC86002658AF /* Build configuration list for PBXProject "Postcards" */ = {
			isa = XCConfigurationList;
			buildConfigurations = (
				3802555A19CBCC86002658AF /* Debug */,
				3802555B19CBCC86002658AF /* Release */,
			);
			defaultConfigurationIsVisible = 0;
			defaultConfigurationName = Release;
		};
		3802555C19CBCC86002658AF /* Build configuration list for PBXNativeTarget "Postcards" */ = {
			isa = XCConfigurationList;
			buildConfigurations = (
				3802555D19CBCC86002658AF /* Debug */,
				3802555E19CBCC86002658AF /* Release */,
			);
			defaultConfigurationIsVisible = 0;
		};
		3802555F19CBCC86002658AF /* Build configuration list for PBXNativeTarget "PostcardsTests" */ = {
			isa = XCConfigurationList;
			buildConfigurations = (
				3802556019CBCC86002658AF /* Debug */,
				3802556119CBCC86002658AF /* Release */,
			);
			defaultConfigurationIsVisible = 0;
		};
/* End XCConfigurationList section */
	};
	rootObject = 3802553519CBCC86002658AF /* Project object */;
}
